
Microsoft Visual Studio Solution File, Format Version 12.00
# Visual Studio Version 17
VisualStudioVersion = 17.4.33122.133
MinimumVisualStudioVersion = 10.0.40219.1
Project("{FAE04EC0-301F-11D3-BF4B-00C04F79EFBC}") = "ConsoleApp1", "ConsoleApp1.csproj", "{87B978C2-9007-4BD7-807F-E6298EBAACF2}"
EndProject
Global
	GlobalSection(SolutionConfigurationPlatforms) = preSolution
		Debug|Any CPU = Debug|Any CPU
		Release|Any CPU = Release|Any CPU
	EndGlobalSection
	GlobalSection(ProjectConfigurationPlatforms) = postSolution
		{87B978C2-9007-4BD7-807F-E6298EBAACF2}.Debug|Any CPU.ActiveCfg = Debug|Any CPU
		{87B978C2-9007-4BD7-807F-E6298EBAACF2}.Debug|Any CPU.Build.0 = Debug|Any CPU
		{87B978C2-9007-4BD7-807F-E6298EBAACF2}.Release|Any CPU.ActiveCfg = Release|Any CPU
		{87B978C2-9007-4BD7-807F-E6298EBAACF2}.Release|Any CPU.Build.0 = Release|Any CPU
	EndGlobalSection
	GlobalSection(SolutionProperties) = preSolution
		HideSolutionNode = FALSE
	EndGlobalSection
	GlobalSection(ExtensibilityGlobals) = postSolution
		SolutionGuid = {003D948F-FE71-429C-B24D-BF2B54EA4766}
	EndGlobalSection
EndGlobal
